
Microsoft Visual Studio Solution File, Format Version 12.00
# Visual Studio Version 17
VisualStudioVersion = 17.9.34728.123
MinimumVisualStudioVersion = 10.0.40219.1
Project("{8BC9CEB8-8B4A-11D0-8D11-00A0C91BC942}") = "test", "test\test.vcxproj", "{794F668D-7A65-47CF-8AAF-B36A150231B4}"
EndProject
Project("{8BC9CEB8-8B4A-11D0-8D11-00A0C91BC942}") = "yolov5_v1", "yolov5_v1\yolov5_v1.vcxproj", "{7FACC74F-F608-4312-9A0C-49C44401491A}"
EndProject
Project("{8BC9CEB8-8B4A-11D0-8D11-00A0C91BC942}") = "yolov5_v2", "yolov5_v2\yolov5_v2.vcxproj", "{818056D0-D635-486F-8A90-9BE97FCB94A3}"
EndProject
Project("{8BC9CEB8-8B4A-11D0-8D11-00A0C91BC942}") = "threadPool", "threadPool\threadPool.vcxproj", "{14D3850F-B77A-4142-B989-D31E0CB90E02}"
EndProject
Project("{8BC9CEB8-8B4A-11D0-8D11-00A0C91BC942}") = "zhdYOLO", "zhdYOLO\zhdYOLO.vcxproj", "{E60FA193-6B5D-48E1-9988-7E59A8F660AA}"
EndProject
Global
	GlobalSection(SolutionConfigurationPlatforms) = preSolution
		Debug|x64 = Debug|x64
		Debug|x86 = Debug|x86
		Release|x64 = Release|x64
		Release|x86 = Release|x86
	EndGlobalSection
	GlobalSection(ProjectConfigurationPlatforms) = postSolution
		{794F668D-7A65-47CF-8AAF-B36A150231B4}.Debug|x64.ActiveCfg = Debug|x64
		{794F668D-7A65-47CF-8AAF-B36A150231B4}.Debug|x64.Build.0 = Debug|x64
		{794F668D-7A65-47CF-8AAF-B36A150231B4}.Debug|x86.ActiveCfg = Debug|Win32
		{794F668D-7A65-47CF-8AAF-B36A150231B4}.Debug|x86.Build.0 = Debug|Win32
		{794F668D-7A65-47CF-8AAF-B36A150231B4}.Release|x64.ActiveCfg = Release|x64
		{794F668D-7A65-47CF-8AAF-B36A150231B4}.Release|x64.Build.0 = Release|x64
		{794F668D-7A65-47CF-8AAF-B36A150231B4}.Release|x86.ActiveCfg = Release|Win32
		{794F668D-7A65-47CF-8AAF-B36A150231B4}.Release|x86.Build.0 = Release|Win32
		{7FACC74F-F608-4312-9A0C-49C44401491A}.Debug|x64.ActiveCfg = Debug|x64
		{7FACC74F-F608-4312-9A0C-49C44401491A}.Debug|x64.Build.0 = Debug|x64
		{7FACC74F-F608-4312-9A0C-49C44401491A}.Debug|x86.ActiveCfg = Debug|Win32
		{7FACC74F-F608-4312-9A0C-49C44401491A}.Debug|x86.Build.0 = Debug|Win32
		{7FACC74F-F608-4312-9A0C-49C44401491A}.Release|x64.ActiveCfg = Release|x64
		{7FACC74F-F608-4312-9A0C-49C44401491A}.Release|x64.Build.0 = Release|x64
		{7FACC74F-F608-4312-9A0C-49C44401491A}.Release|x86.ActiveCfg = Release|Win32
		{7FACC74F-F608-4312-9A0C-49C44401491A}.Release|x86.Build.0 = Release|Win32
		{818056D0-D635-486F-8A90-9BE97FCB94A3}.Debug|x64.ActiveCfg = Debug|x64
		{818056D0-D635-486F-8A90-9BE97FCB94A3}.Debug|x64.Build.0 = Debug|x64
		{818056D0-D635-486F-8A90-9BE97FCB94A3}.Debug|x86.ActiveCfg = Debug|Win32
		{818056D0-D635-486F-8A90-9BE97FCB94A3}.Debug|x86.Build.0 = Debug|Win32
		{818056D0-D635-486F-8A90-9BE97FCB94A3}.Release|x64.ActiveCfg = Release|x64
		{818056D0-D635-486F-8A90-9BE97FCB94A3}.Release|x64.Build.0 = Release|x64
		{818056D0-D635-486F-8A90-9BE97FCB94A3}.Release|x86.ActiveCfg = Release|Win32
		{818056D0-D635-486F-8A90-9BE97FCB94A3}.Release|x86.Build.0 = Release|Win32
		{14D3850F-B77A-4142-B989-D31E0CB90E02}.Debug|x64.ActiveCfg = Debug|x64
		{14D3850F-B77A-4142-B989-D31E0CB90E02}.Debug|x64.Build.0 = Debug|x64
		{14D3850F-B77A-4142-B989-D31E0CB90E02}.Debug|x86.ActiveCfg = Debug|Win32
		{14D3850F-B77A-4142-B989-D31E0CB90E02}.Debug|x86.Build.0 = Debug|Win32
		{14D3850F-B77A-4142-B989-D31E0CB90E02}.Release|x64.ActiveCfg = Release|x64
		{14D3850F-B77A-4142-B989-D31E0CB90E02}.Release|x64.Build.0 = Release|x64
		{14D3850F-B77A-4142-B989-D31E0CB90E02}.Release|x86.ActiveCfg = Release|Win32
		{14D3850F-B77A-4142-B989-D31E0CB90E02}.Release|x86.Build.0 = Release|Win32
		{E60FA193-6B5D-48E1-9988-7E59A8F660AA}.Debug|x64.ActiveCfg = Debug|x64
		{E60FA193-6B5D-48E1-9988-7E59A8F660AA}.Debug|x64.Build.0 = Debug|x64
		{E60FA193-6B5D-48E1-9988-7E59A8F660AA}.Debug|x86.ActiveCfg = Debug|Win32
		{E60FA193-6B5D-48E1-9988-7E59A8F660AA}.Debug|x86.Build.0 = Debug|Win32
		{E60FA193-6B5D-48E1-9988-7E59A8F660AA}.Release|x64.ActiveCfg = Release|x64
		{E60FA193-6B5D-48E1-9988-7E59A8F660AA}.Release|x64.Build.0 = Release|x64
		{E60FA193-6B5D-48E1-9988-7E59A8F660AA}.Release|x86.ActiveCfg = Release|Win32
		{E60FA193-6B5D-48E1-9988-7E59A8F660AA}.Release|x86.Build.0 = Release|Win32
	EndGlobalSection
	GlobalSection(SolutionProperties) = preSolution
		HideSolutionNode = FALSE
	EndGlobalSection
	GlobalSection(ExtensibilityGlobals) = postSolution
		SolutionGuid = {D77B7C8F-2BF2-41E2-8C22-3E2DA73D9429}
	EndGlobalSection
EndGlobal
